
Microsoft Visual Studio Solution File, Format Version 12.00
# Visual Studio Version 16
VisualStudioVersion = 16.0.30413.136
MinimumVisualStudioVersion = 10.0.40219.1
Project("{FAE04EC0-301F-11D3-BF4B-00C04F79EFBC}") = "STP_task_1_interface", "STP_task_1_interface.csproj", "{F1B99AF9-0BE5-4E29-9F91-C9EDB27136B3}"
EndProject
Global
	GlobalSection(SolutionConfigurationPlatforms) = preSolution
		Debug|Any CPU = Debug|Any CPU
		Release|Any CPU = Release|Any CPU
	EndGlobalSection
	GlobalSection(ProjectConfigurationPlatforms) = postSolution
		{F1B99AF9-0BE5-4E29-9F91-C9EDB27136B3}.Debug|Any CPU.ActiveCfg = Debug|Any CPU
		{F1B99AF9-0BE5-4E29-9F91-C9EDB27136B3}.Debug|Any CPU.Build.0 = Debug|Any CPU
		{F1B99AF9-0BE5-4E29-9F91-C9EDB27136B3}.Release|Any CPU.ActiveCfg = Release|Any CPU
		{F1B99AF9-0BE5-4E29-9F91-C9EDB27136B3}.Release|Any CPU.Build.0 = Release|Any CPU
	EndGlobalSection
	GlobalSection(SolutionProperties) = preSolution
		HideSolutionNode = FALSE
	EndGlobalSection
	GlobalSection(ExtensibilityGlobals) = postSolution
		SolutionGuid = {40EE04AB-5D80-4FA0-9443-EC161787B892}
	EndGlobalSection
EndGlobal
